{
  "pins" : [
    {
      "identity" : "swiftsoup",
      "kind" : "remoteSourceControl",
      "location" : "https://github.com/scinfu/SwiftSoup",
      "state" : {
        "branch" : "master",
        "revision" : "8b6cf29eead8841a1fa7822481cb3af4ddaadba6"
      }
    },
    {
      "identity" : "swiftuimessage",
      "kind" : "remoteSourceControl",
      "location" : "https://github.com/edonv/SwiftUIMessage",
      "state" : {
        "revision" : "11fe66c8d8ad2deafdffa8e277b546a84cf53704",
        "version" : "0.0.2"
      }
    }
  ],
  "version" : 2
}
