// !$*UTF8*$!
{
	archiveVersion = 1;
	classes = {
	};
	objectVersion = 56;
	objects = {

/* Begin PBXBuildFile section */
		11368CEE2A02DBEC0026A513 /* ComponentResultView.swift in Sources */ = {isa = PBXBuildFile; fileRef = 11368CED2A02DBEC0026A513 /* ComponentResultView.swift */; };
		119118D629F1CC2D0064ABA2 /* TripViewModel.swift in Sources */ = {isa = PBXBuildFile; fileRef = 119118D529F1CC2D0064ABA2 /* TripViewModel.swift */; };
		119118D829F1CC3D0064ABA2 /* ComponentLocationTextFieldView.swift in Sources */ = {isa = PBXBuildFile; fileRef = 119118D729F1CC3D0064ABA2 /* ComponentLocationTextFieldView.swift */; };
		119118DA29F1CC4F0064ABA2 /* ComponentValueTextFieldView.swift in Sources */ = {isa = PBXBuildFile; fileRef = 119118D929F1CC4F0064ABA2 /* ComponentValueTextFieldView.swift */; };
		119118DC29F1CC6B0064ABA2 /* ComponentRouteOptionsView.swift in Sources */ = {isa = PBXBuildFile; fileRef = 119118DB29F1CC6B0064ABA2 /* ComponentRouteOptionsView.swift */; };
		119118E029F1CCA40064ABA2 /* ComponentAppleMapsButton.swift in Sources */ = {isa = PBXBuildFile; fileRef = 119118DF29F1CCA40064ABA2 /* ComponentAppleMapsButton.swift */; };
		11DDC7A429E910A30093E3A5 /* ComponentMapView.swift in Sources */ = {isa = PBXBuildFile; fileRef = 11DDC7A329E910A30093E3A5 /* ComponentMapView.swift */; };
		11DDC7AD29E95E2F0093E3A5 /* LoadingView.swift in Sources */ = {isa = PBXBuildFile; fileRef = 11DDC7AC29E95E2F0093E3A5 /* LoadingView.swift */; };
		11E0E75229FCC13F00467EFE /* SwiftSoup in Frameworks */ = {isa = PBXBuildFile; productRef = 11E0E75129FCC13F00467EFE /* SwiftSoup */; };
		11EE9F8729E1FCE900436563 /* MapKit_AppApp.swift in Sources */ = {isa = PBXBuildFile; fileRef = 11EE9F8629E1FCE900436563 /* MapKit_AppApp.swift */; };
		11EE9F8B29E1FCEA00436563 /* Assets.xcassets in Resources */ = {isa = PBXBuildFile; fileRef = 11EE9F8A29E1FCEA00436563 /* Assets.xcassets */; };
		11EE9F8E29E1FCEA00436563 /* Preview Assets.xcassets in Resources */ = {isa = PBXBuildFile; fileRef = 11EE9F8D29E1FCEA00436563 /* Preview Assets.xcassets */; };
		11EE9F9629E2076500436563 /* MainView.swift in Sources */ = {isa = PBXBuildFile; fileRef = 11EE9F9529E2076500436563 /* MainView.swift */; };
/* End PBXBuildFile section */

/* Begin PBXFileReference section */
		11368CED2A02DBEC0026A513 /* ComponentResultView.swift */ = {isa = PBXFileReference; lastKnownFileType = sourcecode.swift; path = ComponentResultView.swift; sourceTree = "<group>"; };
		116D930329F870A90058F442 /* circleThickOutline.jpg */ = {isa = PBXFileReference; lastKnownFileType = image.jpeg; path = circleThickOutline.jpg; sourceTree = "<group>"; };
		119118D529F1CC2D0064ABA2 /* TripViewModel.swift */ = {isa = PBXFileReference; lastKnownFileType = sourcecode.swift; path = TripViewModel.swift; sourceTree = "<group>"; };
		119118D729F1CC3D0064ABA2 /* ComponentLocationTextFieldView.swift */ = {isa = PBXFileReference; lastKnownFileType = sourcecode.swift; path = ComponentLocationTextFieldView.swift; sourceTree = "<group>"; };
		119118D929F1CC4F0064ABA2 /* ComponentValueTextFieldView.swift */ = {isa = PBXFileReference; lastKnownFileType = sourcecode.swift; path = ComponentValueTextFieldView.swift; sourceTree = "<group>"; };
		119118DB29F1CC6B0064ABA2 /* ComponentRouteOptionsView.swift */ = {isa = PBXFileReference; lastKnownFileType = sourcecode.swift; path = ComponentRouteOptionsView.swift; sourceTree = "<group>"; };
		119118DF29F1CCA40064ABA2 /* ComponentAppleMapsButton.swift */ = {isa = PBXFileReference; lastKnownFileType = sourcecode.swift; path = ComponentAppleMapsButton.swift; sourceTree = "<group>"; };
		11DDC7A329E910A30093E3A5 /* ComponentMapView.swift */ = {isa = PBXFileReference; lastKnownFileType = sourcecode.swift; path = ComponentMapView.swift; sourceTree = "<group>"; };
		11DDC7A529E944F10093E3A5 /* DevLog.md */ = {isa = PBXFileReference; lastKnownFileType = net.daringfireball.markdown; path = DevLog.md; sourceTree = "<group>"; };
		11DDC7AC29E95E2F0093E3A5 /* LoadingView.swift */ = {isa = PBXFileReference; lastKnownFileType = sourcecode.swift; path = LoadingView.swift; sourceTree = "<group>"; };
		11EE9F8329E1FCE900436563 /* MapKit_App.app */ = {isa = PBXFileReference; explicitFileType = wrapper.application; includeInIndex = 0; path = MapKit_App.app; sourceTree = BUILT_PRODUCTS_DIR; };
		11EE9F8629E1FCE900436563 /* MapKit_AppApp.swift */ = {isa = PBXFileReference; lastKnownFileType = sourcecode.swift; path = MapKit_AppApp.swift; sourceTree = "<group>"; };
		11EE9F8A29E1FCEA00436563 /* Assets.xcassets */ = {isa = PBXFileReference; lastKnownFileType = folder.assetcatalog; path = Assets.xcassets; sourceTree = "<group>"; };
		11EE9F8D29E1FCEA00436563 /* Preview Assets.xcassets */ = {isa = PBXFileReference; lastKnownFileType = folder.assetcatalog; path = "Preview Assets.xcassets"; sourceTree = "<group>"; };
		11EE9F9429E2066100436563 /* README.md */ = {isa = PBXFileReference; lastKnownFileType = net.daringfireball.markdown; path = README.md; sourceTree = "<group>"; };
		11EE9F9529E2076500436563 /* MainView.swift */ = {isa = PBXFileReference; lastKnownFileType = sourcecode.swift; path = MainView.swift; sourceTree = "<group>"; };
/* End PBXFileReference section */

/* Begin PBXFrameworksBuildPhase section */
		11EE9F8029E1FCE900436563 /* Frameworks */ = {
			isa = PBXFrameworksBuildPhase;
			buildActionMask = 2147483647;
			files = (
				11E0E75229FCC13F00467EFE /* SwiftSoup in Frameworks */,
			);
			runOnlyForDeploymentPostprocessing = 0;
		};
/* End PBXFrameworksBuildPhase section */

/* Begin PBXGroup section */
		119118E129F1D0DA0064ABA2 /* Views */ = {
			isa = PBXGroup;
			children = (
				119118DF29F1CCA40064ABA2 /* ComponentAppleMapsButton.swift */,
				119118D729F1CC3D0064ABA2 /* ComponentLocationTextFieldView.swift */,
				119118D929F1CC4F0064ABA2 /* ComponentValueTextFieldView.swift */,
				119118DB29F1CC6B0064ABA2 /* ComponentRouteOptionsView.swift */,
				11368CED2A02DBEC0026A513 /* ComponentResultView.swift */,
				11DDC7A329E910A30093E3A5 /* ComponentMapView.swift */,
				11DDC7AC29E95E2F0093E3A5 /* LoadingView.swift */,
				11EE9F9529E2076500436563 /* MainView.swift */,
			);
			path = Views;
			sourceTree = "<group>";
		};
		119118E229F1D1790064ABA2 /* Models */ = {
			isa = PBXGroup;
			children = (
				119118D529F1CC2D0064ABA2 /* TripViewModel.swift */,
			);
			path = Models;
			sourceTree = "<group>";
		};
		119118E329F1D1BB0064ABA2 /* Photos */ = {
			isa = PBXGroup;
			children = (
				116D930329F870A90058F442 /* circleThickOutline.jpg */,
			);
			path = Photos;
			sourceTree = "<group>";
		};
		11EE9F7A29E1FCE900436563 = {
			isa = PBXGroup;
			children = (
				11EE9F9429E2066100436563 /* README.md */,
				11DDC7A529E944F10093E3A5 /* DevLog.md */,
				11EE9F8529E1FCE900436563 /* MapKit_App */,
				11EE9F8429E1FCE900436563 /* Products */,
			);
			sourceTree = "<group>";
		};
		11EE9F8429E1FCE900436563 /* Products */ = {
			isa = PBXGroup;
			children = (
				11EE9F8329E1FCE900436563 /* MapKit_App.app */,
			);
			name = Products;
			sourceTree = "<group>";
		};
		11EE9F8529E1FCE900436563 /* MapKit_App */ = {
			isa = PBXGroup;
			children = (
				119118E129F1D0DA0064ABA2 /* Views */,
				119118E229F1D1790064ABA2 /* Models */,
				119118E329F1D1BB0064ABA2 /* Photos */,
				11EE9F8629E1FCE900436563 /* MapKit_AppApp.swift */,
				11EE9F8A29E1FCEA00436563 /* Assets.xcassets */,
				11EE9F8C29E1FCEA00436563 /* Preview Content */,
			);
			path = MapKit_App;
			sourceTree = "<group>";
		};
		11EE9F8C29E1FCEA00436563 /* Preview Content */ = {
			isa = PBXGroup;
			children = (
				11EE9F8D29E1FCEA00436563 /* Preview Assets.xcassets */,
			);
			path = "Preview Content";
			sourceTree = "<group>";
		};
/* End PBXGroup section */

/* Begin PBXNativeTarget section */
		11EE9F8229E1FCE900436563 /* MapKit_App */ = {
			isa = PBXNativeTarget;
			buildConfigurationList = 11EE9F9129E1FCEA00436563 /* Build configuration list for PBXNativeTarget "MapKit_App" */;
			buildPhases = (
				11EE9F7F29E1FCE900436563 /* Sources */,
				11EE9F8029E1FCE900436563 /* Frameworks */,
				11EE9F8129E1FCE900436563 /* Resources */,
			);
			buildRules = (
			);
			dependencies = (
			);
			name = MapKit_App;
			packageProductDependencies = (
				11E0E75129FCC13F00467EFE /* SwiftSoup */,
			);
			productName = MapKit_App;
			productReference = 11EE9F8329E1FCE900436563 /* MapKit_App.app */;
			productType = "com.apple.product-type.application";
		};
/* End PBXNativeTarget section */

/* Begin PBXProject section */
		11EE9F7B29E1FCE900436563 /* Project object */ = {
			isa = PBXProject;
			attributes = {
				BuildIndependentTargetsInParallel = 1;
				LastSwiftUpdateCheck = 1420;
				LastUpgradeCheck = 1420;
				TargetAttributes = {
					11EE9F8229E1FCE900436563 = {
						CreatedOnToolsVersion = 14.2;
					};
				};
			};
			buildConfigurationList = 11EE9F7E29E1FCE900436563 /* Build configuration list for PBXProject "MapKit_App" */;
			compatibilityVersion = "Xcode 14.0";
			developmentRegion = en;
			hasScannedForEncodings = 0;
			knownRegions = (
				en,
				Base,
			);
			mainGroup = 11EE9F7A29E1FCE900436563;
			packageReferences = (
				11E0E75029FCC13F00467EFE /* XCRemoteSwiftPackageReference "SwiftSoup" */,
			);
			productRefGroup = 11EE9F8429E1FCE900436563 /* Products */;
			projectDirPath = "";
			projectRoot = "";
			targets = (
				11EE9F8229E1FCE900436563 /* MapKit_App */,
			);
		};
/* End PBXProject section */

/* Begin PBXResourcesBuildPhase section */
		11EE9F8129E1FCE900436563 /* Resources */ = {
			isa = PBXResourcesBuildPhase;
			buildActionMask = 2147483647;
			files = (
				11EE9F8E29E1FCEA00436563 /* Preview Assets.xcassets in Resources */,
				11EE9F8B29E1FCEA00436563 /* Assets.xcassets in Resources */,
			);
			runOnlyForDeploymentPostprocessing = 0;
		};
/* End PBXResourcesBuildPhase section */

/* Begin PBXSourcesBuildPhase section */
		11EE9F7F29E1FCE900436563 /* Sources */ = {
			isa = PBXSourcesBuildPhase;
			buildActionMask = 2147483647;
			files = (
				119118D629F1CC2D0064ABA2 /* TripViewModel.swift in Sources */,
				11EE9F9629E2076500436563 /* MainView.swift in Sources */,
				119118DA29F1CC4F0064ABA2 /* ComponentValueTextFieldView.swift in Sources */,
				11368CEE2A02DBEC0026A513 /* ComponentResultView.swift in Sources */,
				11DDC7A429E910A30093E3A5 /* ComponentMapView.swift in Sources */,
				119118D829F1CC3D0064ABA2 /* ComponentLocationTextFieldView.swift in Sources */,
				11EE9F8729E1FCE900436563 /* MapKit_AppApp.swift in Sources */,
				11DDC7AD29E95E2F0093E3A5 /* LoadingView.swift in Sources */,
				119118E029F1CCA40064ABA2 /* ComponentAppleMapsButton.swift in Sources */,
				119118DC29F1CC6B0064ABA2 /* ComponentRouteOptionsView.swift in Sources */,
			);
			runOnlyForDeploymentPostprocessing = 0;
		};
/* End PBXSourcesBuildPhase section */

/* Begin XCBuildConfiguration section */
		11EE9F8F29E1FCEA00436563 /* Debug */ = {
			isa = XCBuildConfiguration;
			buildSettings = {
				ALWAYS_SEARCH_USER_PATHS = NO;
				CLANG_ANALYZER_NONNULL = YES;
				CLANG_ANALYZER_NUMBER_OBJECT_CONVERSION = YES_AGGRESSIVE;
				CLANG_CXX_LANGUAGE_STANDARD = "gnu++20";
				CLANG_ENABLE_MODULES = YES;
				CLANG_ENABLE_OBJC_ARC = YES;
				CLANG_ENABLE_OBJC_WEAK = YES;
				CLANG_WARN_BLOCK_CAPTURE_AUTORELEASING = YES;
				CLANG_WARN_BOOL_CONVERSION = YES;
				CLANG_WARN_COMMA = YES;
				CLANG_WARN_CONSTANT_CONVERSION = YES;
				CLANG_WARN_DEPRECATED_OBJC_IMPLEMENTATIONS = YES;
				CLANG_WARN_DIRECT_OBJC_ISA_USAGE = YES_ERROR;
				CLANG_WARN_DOCUMENTATION_COMMENTS = YES;
				CLANG_WARN_EMPTY_BODY = YES;
				CLANG_WARN_ENUM_CONVERSION = YES;
				CLANG_WARN_INFINITE_RECURSION = YES;
				CLANG_WARN_INT_CONVERSION = YES;
				CLANG_WARN_NON_LITERAL_NULL_CONVERSION = YES;
				CLANG_WARN_OBJC_IMPLICIT_RETAIN_SELF = YES;
				CLANG_WARN_OBJC_LITERAL_CONVERSION = YES;
				CLANG_WARN_OBJC_ROOT_CLASS = YES_ERROR;
				CLANG_WARN_QUOTED_INCLUDE_IN_FRAMEWORK_HEADER = YES;
				CLANG_WARN_RANGE_LOOP_ANALYSIS = YES;
				CLANG_WARN_STRICT_PROTOTYPES = YES;
				CLANG_WARN_SUSPICIOUS_MOVE = YES;
				CLANG_WARN_UNGUARDED_AVAILABILITY = YES_AGGRESSIVE;
				CLANG_WARN_UNREACHABLE_CODE = YES;
				CLANG_WARN__DUPLICATE_METHOD_MATCH = YES;
				COPY_PHASE_STRIP = NO;
				DEBUG_INFORMATION_FORMAT = dwarf;
				ENABLE_STRICT_OBJC_MSGSEND = YES;
				ENABLE_TESTABILITY = YES;
				GCC_C_LANGUAGE_STANDARD = gnu11;
				GCC_DYNAMIC_NO_PIC = NO;
				GCC_NO_COMMON_BLOCKS = YES;
				GCC_OPTIMIZATION_LEVEL = 0;
				GCC_PREPROCESSOR_DEFINITIONS = (
					"DEBUG=1",
					"$(inherited)",
				);
				GCC_WARN_64_TO_32_BIT_CONVERSION = YES;
				GCC_WARN_ABOUT_RETURN_TYPE = YES_ERROR;
				GCC_WARN_UNDECLARED_SELECTOR = YES;
				GCC_WARN_UNINITIALIZED_AUTOS = YES_AGGRESSIVE;
				GCC_WARN_UNUSED_FUNCTION = YES;
				GCC_WARN_UNUSED_VARIABLE = YES;
				IPHONEOS_DEPLOYMENT_TARGET = 16.2;
				MTL_ENABLE_DEBUG_INFO = INCLUDE_SOURCE;
				MTL_FAST_MATH = YES;
				ONLY_ACTIVE_ARCH = YES;
				SDKROOT = iphoneos;
				SWIFT_ACTIVE_COMPILATION_CONDITIONS = DEBUG;
				SWIFT_OPTIMIZATION_LEVEL = "-Onone";
			};
			name = Debug;
		};
		11EE9F9029E1FCEA00436563 /* Release */ = {
			isa = XCBuildConfiguration;
			buildSettings = {
				ALWAYS_SEARCH_USER_PATHS = NO;
				CLANG_ANALYZER_NONNULL = YES;
				CLANG_ANALYZER_NUMBER_OBJECT_CONVERSION = YES_AGGRESSIVE;
				CLANG_CXX_LANGUAGE_STANDARD = "gnu++20";
				CLANG_ENABLE_MODULES = YES;
				CLANG_ENABLE_OBJC_ARC = YES;
				CLANG_ENABLE_OBJC_WEAK = YES;
				CLANG_WARN_BLOCK_CAPTURE_AUTORELEASING = YES;
				CLANG_WARN_BOOL_CONVERSION = YES;
				CLANG_WARN_COMMA = YES;
				CLANG_WARN_CONSTANT_CONVERSION = YES;
				CLANG_WARN_DEPRECATED_OBJC_IMPLEMENTATIONS = YES;
				CLANG_WARN_DIRECT_OBJC_ISA_USAGE = YES_ERROR;
				CLANG_WARN_DOCUMENTATION_COMMENTS = YES;
				CLANG_WARN_EMPTY_BODY = YES;
				CLANG_WARN_ENUM_CONVERSION = YES;
				CLANG_WARN_INFINITE_RECURSION = YES;
				CLANG_WARN_INT_CONVERSION = YES;
				CLANG_WARN_NON_LITERAL_NULL_CONVERSION = YES;
				CLANG_WARN_OBJC_IMPLICIT_RETAIN_SELF = YES;
				CLANG_WARN_OBJC_LITERAL_CONVERSION = YES;
				CLANG_WARN_OBJC_ROOT_CLASS = YES_ERROR;
				CLANG_WARN_QUOTED_INCLUDE_IN_FRAMEWORK_HEADER = YES;
				CLANG_WARN_RANGE_LOOP_ANALYSIS = YES;
				CLANG_WARN_STRICT_PROTOTYPES = YES;
				CLANG_WARN_SUSPICIOUS_MOVE = YES;
				CLANG_WARN_UNGUARDED_AVAILABILITY = YES_AGGRESSIVE;
				CLANG_WARN_UNREACHABLE_CODE = YES;
				CLANG_WARN__DUPLICATE_METHOD_MATCH = YES;
				COPY_PHASE_STRIP = NO;
				DEBUG_INFORMATION_FORMAT = "dwarf-with-dsym";
				ENABLE_NS_ASSERTIONS = NO;
				ENABLE_STRICT_OBJC_MSGSEND = YES;
				GCC_C_LANGUAGE_STANDARD = gnu11;
				GCC_NO_COMMON_BLOCKS = YES;
				GCC_WARN_64_TO_32_BIT_CONVERSION = YES;
				GCC_WARN_ABOUT_RETURN_TYPE = YES_ERROR;
				GCC_WARN_UNDECLARED_SELECTOR = YES;
				GCC_WARN_UNINITIALIZED_AUTOS = YES_AGGRESSIVE;
				GCC_WARN_UNUSED_FUNCTION = YES;
				GCC_WARN_UNUSED_VARIABLE = YES;
				IPHONEOS_DEPLOYMENT_TARGET = 16.2;
				MTL_ENABLE_DEBUG_INFO = NO;
				MTL_FAST_MATH = YES;
				SDKROOT = iphoneos;
				SWIFT_COMPILATION_MODE = wholemodule;
				SWIFT_OPTIMIZATION_LEVEL = "-O";
				VALIDATE_PRODUCT = YES;
			};
			name = Release;
		};
		11EE9F9229E1FCEA00436563 /* Debug */ = {
			isa = XCBuildConfiguration;
			buildSettings = {
				ASSETCATALOG_COMPILER_APPICON_NAME = AppIcon;
				ASSETCATALOG_COMPILER_GLOBAL_ACCENT_COLOR_NAME = AccentColor;
				CODE_SIGN_STYLE = Automatic;
				CURRENT_PROJECT_VERSION = 1;
				DEVELOPMENT_ASSET_PATHS = "\"MapKit_App/Preview Content\"";
				DEVELOPMENT_TEAM = KN479YZ6NH;
				ENABLE_PREVIEWS = YES;
				GENERATE_INFOPLIST_FILE = YES;
				INFOPLIST_KEY_UIApplicationSceneManifest_Generation = YES;
				INFOPLIST_KEY_UIApplicationSupportsIndirectInputEvents = YES;
				INFOPLIST_KEY_UILaunchScreen_Generation = YES;
				INFOPLIST_KEY_UISupportedInterfaceOrientations_iPad = "UIInterfaceOrientationPortrait UIInterfaceOrientationPortraitUpsideDown UIInterfaceOrientationLandscapeLeft UIInterfaceOrientationLandscapeRight";
				INFOPLIST_KEY_UISupportedInterfaceOrientations_iPhone = "UIInterfaceOrientationPortrait UIInterfaceOrientationLandscapeLeft UIInterfaceOrientationLandscapeRight";
				LD_RUNPATH_SEARCH_PATHS = (
					"$(inherited)",
					"@executable_path/Frameworks",
				);
				MARKETING_VERSION = 1.0;
				PRODUCT_BUNDLE_IDENTIFIER = "James-Meegan.MapKit-App";
				PRODUCT_NAME = "$(TARGET_NAME)";
				SWIFT_EMIT_LOC_STRINGS = YES;
				SWIFT_VERSION = 5.0;
				TARGETED_DEVICE_FAMILY = "1,2";
			};
			name = Debug;
		};
		11EE9F9329E1FCEA00436563 /* Release */ = {
			isa = XCBuildConfiguration;
			buildSettings = {
				ASSETCATALOG_COMPILER_APPICON_NAME = AppIcon;
				ASSETCATALOG_COMPILER_GLOBAL_ACCENT_COLOR_NAME = AccentColor;
				CODE_SIGN_STYLE = Automatic;
				CURRENT_PROJECT_VERSION = 1;
				DEVELOPMENT_ASSET_PATHS = "\"MapKit_App/Preview Content\"";
				DEVELOPMENT_TEAM = KN479YZ6NH;
				ENABLE_PREVIEWS = YES;
				GENERATE_INFOPLIST_FILE = YES;
				INFOPLIST_KEY_UIApplicationSceneManifest_Generation = YES;
				INFOPLIST_KEY_UIApplicationSupportsIndirectInputEvents = YES;
				INFOPLIST_KEY_UILaunchScreen_Generation = YES;
				INFOPLIST_KEY_UISupportedInterfaceOrientations_iPad = "UIInterfaceOrientationPortrait UIInterfaceOrientationPortraitUpsideDown UIInterfaceOrientationLandscapeLeft UIInterfaceOrientationLandscapeRight";
				INFOPLIST_KEY_UISupportedInterfaceOrientations_iPhone = "UIInterfaceOrientationPortrait UIInterfaceOrientationLandscapeLeft UIInterfaceOrientationLandscapeRight";
				LD_RUNPATH_SEARCH_PATHS = (
					"$(inherited)",
					"@executable_path/Frameworks",
				);
				MARKETING_VERSION = 1.0;
				PRODUCT_BUNDLE_IDENTIFIER = "James-Meegan.MapKit-App";
				PRODUCT_NAME = "$(TARGET_NAME)";
				SWIFT_EMIT_LOC_STRINGS = YES;
				SWIFT_VERSION = 5.0;
				TARGETED_DEVICE_FAMILY = "1,2";
			};
			name = Release;
		};
/* End XCBuildConfiguration section */

/* Begin XCConfigurationList section */
		11EE9F7E29E1FCE900436563 /* Build configuration list for PBXProject "MapKit_App" */ = {
			isa = XCConfigurationList;
			buildConfigurations = (
				11EE9F8F29E1FCEA00436563 /* Debug */,
				11EE9F9029E1FCEA00436563 /* Release */,
			);
			defaultConfigurationIsVisible = 0;
			defaultConfigurationName = Release;
		};
		11EE9F9129E1FCEA00436563 /* Build configuration list for PBXNativeTarget "MapKit_App" */ = {
			isa = XCConfigurationList;
			buildConfigurations = (
				11EE9F9229E1FCEA00436563 /* Debug */,
				11EE9F9329E1FCEA00436563 /* Release */,
			);
			defaultConfigurationIsVisible = 0;
			defaultConfigurationName = Release;
		};
/* End XCConfigurationList section */

/* Begin XCRemoteSwiftPackageReference section */
		11E0E75029FCC13F00467EFE /* XCRemoteSwiftPackageReference "SwiftSoup" */ = {
			isa = XCRemoteSwiftPackageReference;
			repositoryURL = "https://github.com/scinfu/SwiftSoup";
			requirement = {
				branch = master;
				kind = branch;
			};
		};
/* End XCRemoteSwiftPackageReference section */

/* Begin XCSwiftPackageProductDependency section */
		11E0E75129FCC13F00467EFE /* SwiftSoup */ = {
			isa = XCSwiftPackageProductDependency;
			package = 11E0E75029FCC13F00467EFE /* XCRemoteSwiftPackageReference "SwiftSoup" */;
			productName = SwiftSoup;
		};
/* End XCSwiftPackageProductDependency section */
	};
	rootObject = 11EE9F7B29E1FCE900436563 /* Project object */;
}
